
Microsoft Visual Studio Solution File, Format Version 12.00
# Visual Studio Version 17
VisualStudioVersion = 17.14.36212.18
MinimumVisualStudioVersion = 10.0.40219.1
Project("{F2A71F9B-5D33-465A-A702-920D77279786}") = "ReliantPhotoViewer", "ReliantPhotoViewer\ReliantPhotoViewer.fsproj", "{0A40F760-C523-3A06-1FA9-EBFADE4600E6}"
EndProject
Project("{2150E333-8FDC-42A3-9474-1A3956D46DE8}") = "Solution Items", "Solution Items", "{8EC462FD-D22E-90A8-E5CE-7E832BA40C5D}"
	ProjectSection(SolutionItems) = preProject
		Readme.md = Readme.md
	EndProjectSection
EndProject
Project("{C7167F0D-BC9F-4E6E-AFE1-012C56B48DB5}") = "ReliantPhotoViewer.Package", "ReliantPhotoViewer.Package\ReliantPhotoViewer.Package.wapproj", "{3B6728CD-DA32-4114-BB5D-41CEEC0A29D0}"
EndProject
Project("{F2A71F9B-5D33-465A-A702-920D77279786}") = "Avalonia.FuncUI", "..\Avalonia.FuncUI\src\Avalonia.FuncUI\Avalonia.FuncUI.fsproj", "{E00953D1-CB85-0DE0-58B9-4DE369B872BB}"
EndProject
Project("{F2A71F9B-5D33-465A-A702-920D77279786}") = "Avalonia.FuncUI.Elmish", "..\Avalonia.FuncUI\src\Avalonia.FuncUI.Elmish\Avalonia.FuncUI.Elmish.fsproj", "{C68C5E02-B6A9-BBB9-CCD6-AE2CB6F04A51}"
EndProject
Project("{F2A71F9B-5D33-465A-A702-920D77279786}") = "Examples.Elmish.HelloWorld", "..\Avalonia.FuncUI\src\Examples\Elmish Examples\Examples.Elmish.HelloWorld\Examples.Elmish.HelloWorld.fsproj", "{4267C1E3-E48D-B8D6-DD0A-468725BFFDCA}"
EndProject
Global
	GlobalSection(SolutionConfigurationPlatforms) = preSolution
		Debug|Any CPU = Debug|Any CPU
		Debug|ARM = Debug|ARM
		Debug|ARM64 = Debug|ARM64
		Debug|x64 = Debug|x64
		Debug|x86 = Debug|x86
		Release|Any CPU = Release|Any CPU
		Release|ARM = Release|ARM
		Release|ARM64 = Release|ARM64
		Release|x64 = Release|x64
		Release|x86 = Release|x86
	EndGlobalSection
	GlobalSection(ProjectConfigurationPlatforms) = postSolution
		{0A40F760-C523-3A06-1FA9-EBFADE4600E6}.Debug|Any CPU.ActiveCfg = Debug|Any CPU
		{0A40F760-C523-3A06-1FA9-EBFADE4600E6}.Debug|Any CPU.Build.0 = Debug|Any CPU
		{0A40F760-C523-3A06-1FA9-EBFADE4600E6}.Debug|ARM.ActiveCfg = Debug|Any CPU
		{0A40F760-C523-3A06-1FA9-EBFADE4600E6}.Debug|ARM.Build.0 = Debug|Any CPU
		{0A40F760-C523-3A06-1FA9-EBFADE4600E6}.Debug|ARM64.ActiveCfg = Debug|Any CPU
		{0A40F760-C523-3A06-1FA9-EBFADE4600E6}.Debug|ARM64.Build.0 = Debug|Any CPU
		{0A40F760-C523-3A06-1FA9-EBFADE4600E6}.Debug|x64.ActiveCfg = Debug|x64
		{0A40F760-C523-3A06-1FA9-EBFADE4600E6}.Debug|x64.Build.0 = Debug|x64
		{0A40F760-C523-3A06-1FA9-EBFADE4600E6}.Debug|x86.ActiveCfg = Debug|Any CPU
		{0A40F760-C523-3A06-1FA9-EBFADE4600E6}.Debug|x86.Build.0 = Debug|Any CPU
		{0A40F760-C523-3A06-1FA9-EBFADE4600E6}.Release|Any CPU.ActiveCfg = Release|Any CPU
		{0A40F760-C523-3A06-1FA9-EBFADE4600E6}.Release|Any CPU.Build.0 = Release|Any CPU
		{0A40F760-C523-3A06-1FA9-EBFADE4600E6}.Release|ARM.ActiveCfg = Release|Any CPU
		{0A40F760-C523-3A06-1FA9-EBFADE4600E6}.Release|ARM.Build.0 = Release|Any CPU
		{0A40F760-C523-3A06-1FA9-EBFADE4600E6}.Release|ARM64.ActiveCfg = Release|Any CPU
		{0A40F760-C523-3A06-1FA9-EBFADE4600E6}.Release|ARM64.Build.0 = Release|Any CPU
		{0A40F760-C523-3A06-1FA9-EBFADE4600E6}.Release|x64.ActiveCfg = Release|x64
		{0A40F760-C523-3A06-1FA9-EBFADE4600E6}.Release|x64.Build.0 = Release|x64
		{0A40F760-C523-3A06-1FA9-EBFADE4600E6}.Release|x86.ActiveCfg = Release|Any CPU
		{0A40F760-C523-3A06-1FA9-EBFADE4600E6}.Release|x86.Build.0 = Release|Any CPU
		{3B6728CD-DA32-4114-BB5D-41CEEC0A29D0}.Debug|Any CPU.ActiveCfg = Debug|Any CPU
		{3B6728CD-DA32-4114-BB5D-41CEEC0A29D0}.Debug|Any CPU.Build.0 = Debug|Any CPU
		{3B6728CD-DA32-4114-BB5D-41CEEC0A29D0}.Debug|Any CPU.Deploy.0 = Debug|Any CPU
		{3B6728CD-DA32-4114-BB5D-41CEEC0A29D0}.Debug|ARM.ActiveCfg = Debug|ARM
		{3B6728CD-DA32-4114-BB5D-41CEEC0A29D0}.Debug|ARM.Build.0 = Debug|ARM
		{3B6728CD-DA32-4114-BB5D-41CEEC0A29D0}.Debug|ARM.Deploy.0 = Debug|ARM
		{3B6728CD-DA32-4114-BB5D-41CEEC0A29D0}.Debug|ARM64.ActiveCfg = Debug|ARM64
		{3B6728CD-DA32-4114-BB5D-41CEEC0A29D0}.Debug|ARM64.Build.0 = Debug|ARM64
		{3B6728CD-DA32-4114-BB5D-41CEEC0A29D0}.Debug|ARM64.Deploy.0 = Debug|ARM64
		{3B6728CD-DA32-4114-BB5D-41CEEC0A29D0}.Debug|x64.ActiveCfg = Debug|x64
		{3B6728CD-DA32-4114-BB5D-41CEEC0A29D0}.Debug|x64.Build.0 = Debug|x64
		{3B6728CD-DA32-4114-BB5D-41CEEC0A29D0}.Debug|x64.Deploy.0 = Debug|x64
		{3B6728CD-DA32-4114-BB5D-41CEEC0A29D0}.Debug|x86.ActiveCfg = Debug|x86
		{3B6728CD-DA32-4114-BB5D-41CEEC0A29D0}.Debug|x86.Build.0 = Debug|x86
		{3B6728CD-DA32-4114-BB5D-41CEEC0A29D0}.Debug|x86.Deploy.0 = Debug|x86
		{3B6728CD-DA32-4114-BB5D-41CEEC0A29D0}.Release|Any CPU.ActiveCfg = Release|Any CPU
		{3B6728CD-DA32-4114-BB5D-41CEEC0A29D0}.Release|Any CPU.Build.0 = Release|Any CPU
		{3B6728CD-DA32-4114-BB5D-41CEEC0A29D0}.Release|Any CPU.Deploy.0 = Release|Any CPU
		{3B6728CD-DA32-4114-BB5D-41CEEC0A29D0}.Release|ARM.ActiveCfg = Release|ARM
		{3B6728CD-DA32-4114-BB5D-41CEEC0A29D0}.Release|ARM.Build.0 = Release|ARM
		{3B6728CD-DA32-4114-BB5D-41CEEC0A29D0}.Release|ARM.Deploy.0 = Release|ARM
		{3B6728CD-DA32-4114-BB5D-41CEEC0A29D0}.Release|ARM64.ActiveCfg = Release|ARM64
		{3B6728CD-DA32-4114-BB5D-41CEEC0A29D0}.Release|ARM64.Build.0 = Release|ARM64
		{3B6728CD-DA32-4114-BB5D-41CEEC0A29D0}.Release|ARM64.Deploy.0 = Release|ARM64
		{3B6728CD-DA32-4114-BB5D-41CEEC0A29D0}.Release|x64.ActiveCfg = Release|x64
		{3B6728CD-DA32-4114-BB5D-41CEEC0A29D0}.Release|x64.Build.0 = Release|x64
		{3B6728CD-DA32-4114-BB5D-41CEEC0A29D0}.Release|x64.Deploy.0 = Release|x64
		{3B6728CD-DA32-4114-BB5D-41CEEC0A29D0}.Release|x86.ActiveCfg = Release|x86
		{3B6728CD-DA32-4114-BB5D-41CEEC0A29D0}.Release|x86.Build.0 = Release|x86
		{3B6728CD-DA32-4114-BB5D-41CEEC0A29D0}.Release|x86.Deploy.0 = Release|x86
		{E00953D1-CB85-0DE0-58B9-4DE369B872BB}.Debug|Any CPU.ActiveCfg = Debug|Any CPU
		{E00953D1-CB85-0DE0-58B9-4DE369B872BB}.Debug|Any CPU.Build.0 = Debug|Any CPU
		{E00953D1-CB85-0DE0-58B9-4DE369B872BB}.Debug|ARM.ActiveCfg = Debug|Any CPU
		{E00953D1-CB85-0DE0-58B9-4DE369B872BB}.Debug|ARM.Build.0 = Debug|Any CPU
		{E00953D1-CB85-0DE0-58B9-4DE369B872BB}.Debug|ARM64.ActiveCfg = Debug|Any CPU
		{E00953D1-CB85-0DE0-58B9-4DE369B872BB}.Debug|ARM64.Build.0 = Debug|Any CPU
		{E00953D1-CB85-0DE0-58B9-4DE369B872BB}.Debug|x64.ActiveCfg = Debug|Any CPU
		{E00953D1-CB85-0DE0-58B9-4DE369B872BB}.Debug|x64.Build.0 = Debug|Any CPU
		{E00953D1-CB85-0DE0-58B9-4DE369B872BB}.Debug|x86.ActiveCfg = Debug|Any CPU
		{E00953D1-CB85-0DE0-58B9-4DE369B872BB}.Debug|x86.Build.0 = Debug|Any CPU
		{E00953D1-CB85-0DE0-58B9-4DE369B872BB}.Release|Any CPU.ActiveCfg = Release|Any CPU
		{E00953D1-CB85-0DE0-58B9-4DE369B872BB}.Release|Any CPU.Build.0 = Release|Any CPU
		{E00953D1-CB85-0DE0-58B9-4DE369B872BB}.Release|ARM.ActiveCfg = Release|Any CPU
		{E00953D1-CB85-0DE0-58B9-4DE369B872BB}.Release|ARM.Build.0 = Release|Any CPU
		{E00953D1-CB85-0DE0-58B9-4DE369B872BB}.Release|ARM64.ActiveCfg = Release|Any CPU
		{E00953D1-CB85-0DE0-58B9-4DE369B872BB}.Release|ARM64.Build.0 = Release|Any CPU
		{E00953D1-CB85-0DE0-58B9-4DE369B872BB}.Release|x64.ActiveCfg = Release|Any CPU
		{E00953D1-CB85-0DE0-58B9-4DE369B872BB}.Release|x64.Build.0 = Release|Any CPU
		{E00953D1-CB85-0DE0-58B9-4DE369B872BB}.Release|x86.ActiveCfg = Release|Any CPU
		{E00953D1-CB85-0DE0-58B9-4DE369B872BB}.Release|x86.Build.0 = Release|Any CPU
		{C68C5E02-B6A9-BBB9-CCD6-AE2CB6F04A51}.Debug|Any CPU.ActiveCfg = Debug|Any CPU
		{C68C5E02-B6A9-BBB9-CCD6-AE2CB6F04A51}.Debug|Any CPU.Build.0 = Debug|Any CPU
		{C68C5E02-B6A9-BBB9-CCD6-AE2CB6F04A51}.Debug|ARM.ActiveCfg = Debug|Any CPU
		{C68C5E02-B6A9-BBB9-CCD6-AE2CB6F04A51}.Debug|ARM.Build.0 = Debug|Any CPU
		{C68C5E02-B6A9-BBB9-CCD6-AE2CB6F04A51}.Debug|ARM64.ActiveCfg = Debug|Any CPU
		{C68C5E02-B6A9-BBB9-CCD6-AE2CB6F04A51}.Debug|ARM64.Build.0 = Debug|Any CPU
		{C68C5E02-B6A9-BBB9-CCD6-AE2CB6F04A51}.Debug|x64.ActiveCfg = Debug|Any CPU
		{C68C5E02-B6A9-BBB9-CCD6-AE2CB6F04A51}.Debug|x64.Build.0 = Debug|Any CPU
		{C68C5E02-B6A9-BBB9-CCD6-AE2CB6F04A51}.Debug|x86.ActiveCfg = Debug|Any CPU
		{C68C5E02-B6A9-BBB9-CCD6-AE2CB6F04A51}.Debug|x86.Build.0 = Debug|Any CPU
		{C68C5E02-B6A9-BBB9-CCD6-AE2CB6F04A51}.Release|Any CPU.ActiveCfg = Release|Any CPU
		{C68C5E02-B6A9-BBB9-CCD6-AE2CB6F04A51}.Release|Any CPU.Build.0 = Release|Any CPU
		{C68C5E02-B6A9-BBB9-CCD6-AE2CB6F04A51}.Release|ARM.ActiveCfg = Release|Any CPU
		{C68C5E02-B6A9-BBB9-CCD6-AE2CB6F04A51}.Release|ARM.Build.0 = Release|Any CPU
		{C68C5E02-B6A9-BBB9-CCD6-AE2CB6F04A51}.Release|ARM64.ActiveCfg = Release|Any CPU
		{C68C5E02-B6A9-BBB9-CCD6-AE2CB6F04A51}.Release|ARM64.Build.0 = Release|Any CPU
		{C68C5E02-B6A9-BBB9-CCD6-AE2CB6F04A51}.Release|x64.ActiveCfg = Release|Any CPU
		{C68C5E02-B6A9-BBB9-CCD6-AE2CB6F04A51}.Release|x64.Build.0 = Release|Any CPU
		{C68C5E02-B6A9-BBB9-CCD6-AE2CB6F04A51}.Release|x86.ActiveCfg = Release|Any CPU
		{C68C5E02-B6A9-BBB9-CCD6-AE2CB6F04A51}.Release|x86.Build.0 = Release|Any CPU
		{4267C1E3-E48D-B8D6-DD0A-468725BFFDCA}.Debug|Any CPU.ActiveCfg = Debug|Any CPU
		{4267C1E3-E48D-B8D6-DD0A-468725BFFDCA}.Debug|Any CPU.Build.0 = Debug|Any CPU
		{4267C1E3-E48D-B8D6-DD0A-468725BFFDCA}.Debug|ARM.ActiveCfg = Debug|Any CPU
		{4267C1E3-E48D-B8D6-DD0A-468725BFFDCA}.Debug|ARM.Build.0 = Debug|Any CPU
		{4267C1E3-E48D-B8D6-DD0A-468725BFFDCA}.Debug|ARM64.ActiveCfg = Debug|Any CPU
		{4267C1E3-E48D-B8D6-DD0A-468725BFFDCA}.Debug|ARM64.Build.0 = Debug|Any CPU
		{4267C1E3-E48D-B8D6-DD0A-468725BFFDCA}.Debug|x64.ActiveCfg = Debug|Any CPU
		{4267C1E3-E48D-B8D6-DD0A-468725BFFDCA}.Debug|x64.Build.0 = Debug|Any CPU
		{4267C1E3-E48D-B8D6-DD0A-468725BFFDCA}.Debug|x86.ActiveCfg = Debug|Any CPU
		{4267C1E3-E48D-B8D6-DD0A-468725BFFDCA}.Debug|x86.Build.0 = Debug|Any CPU
		{4267C1E3-E48D-B8D6-DD0A-468725BFFDCA}.Release|Any CPU.ActiveCfg = Release|Any CPU
		{4267C1E3-E48D-B8D6-DD0A-468725BFFDCA}.Release|Any CPU.Build.0 = Release|Any CPU
		{4267C1E3-E48D-B8D6-DD0A-468725BFFDCA}.Release|ARM.ActiveCfg = Release|Any CPU
		{4267C1E3-E48D-B8D6-DD0A-468725BFFDCA}.Release|ARM.Build.0 = Release|Any CPU
		{4267C1E3-E48D-B8D6-DD0A-468725BFFDCA}.Release|ARM64.ActiveCfg = Release|Any CPU
		{4267C1E3-E48D-B8D6-DD0A-468725BFFDCA}.Release|ARM64.Build.0 = Release|Any CPU
		{4267C1E3-E48D-B8D6-DD0A-468725BFFDCA}.Release|x64.ActiveCfg = Release|Any CPU
		{4267C1E3-E48D-B8D6-DD0A-468725BFFDCA}.Release|x64.Build.0 = Release|Any CPU
		{4267C1E3-E48D-B8D6-DD0A-468725BFFDCA}.Release|x86.ActiveCfg = Release|Any CPU
		{4267C1E3-E48D-B8D6-DD0A-468725BFFDCA}.Release|x86.Build.0 = Release|Any CPU
	EndGlobalSection
	GlobalSection(SolutionProperties) = preSolution
		HideSolutionNode = FALSE
	EndGlobalSection
	GlobalSection(ExtensibilityGlobals) = postSolution
		SolutionGuid = {5B62C9F6-7A61-4C2A-80F3-29703B9C8CA8}
	EndGlobalSection
EndGlobal
